// !$*UTF8*$!
{
	archiveVersion = 1;
	classes = {
	};
	objectVersion = 51;
	objects = {

/* Begin PBXBuildFile section */
		2B23FDCD263A9EB400C90BDE /* AppDelegate.swift in Sources */ = {isa = PBXBuildFile; fileRef = 2B23FDCC263A9EB400C90BDE /* AppDelegate.swift */; };
		2B23FDCF263A9EB400C90BDE /* SceneDelegate.swift in Sources */ = {isa = PBXBuildFile; fileRef = 2B23FDCE263A9EB400C90BDE /* SceneDelegate.swift */; };
		2B23FDD4263A9EB400C90BDE /* Main.storyboard in Resources */ = {isa = PBXBuildFile; fileRef = 2B23FDD2263A9EB400C90BDE /* Main.storyboard */; };
		2B23FDD6263A9EB400C90BDE /* Assets.xcassets in Resources */ = {isa = PBXBuildFile; fileRef = 2B23FDD5263A9EB400C90BDE /* Assets.xcassets */; };
		2B23FDD9263A9EB400C90BDE /* LaunchScreen.storyboard in Resources */ = {isa = PBXBuildFile; fileRef = 2B23FDD7263A9EB400C90BDE /* LaunchScreen.storyboard */; };
		2B23FDE3263A9EF200C90BDE /* CategoryViewController.swift in Sources */ = {isa = PBXBuildFile; fileRef = 2B23FDE2263A9EF200C90BDE /* CategoryViewController.swift */; };
		2B23FDE6263A9F0500C90BDE /* ItemViewController.swift in Sources */ = {isa = PBXBuildFile; fileRef = 2B23FDE5263A9F0500C90BDE /* ItemViewController.swift */; };
		2B23FDED263A9F3500C90BDE /* Category.swift in Sources */ = {isa = PBXBuildFile; fileRef = 2B23FDEC263A9F3500C90BDE /* Category.swift */; };
		2B23FDF1263A9F3C00C90BDE /* Item.swift in Sources */ = {isa = PBXBuildFile; fileRef = 2B23FDF0263A9F3C00C90BDE /* Item.swift */; };
		2B23FE03263AC95500C90BDE /* SwipeViewController.swift in Sources */ = {isa = PBXBuildFile; fileRef = 2B23FE02263AC95500C90BDE /* SwipeViewController.swift */; };
		D4A8E71305A4C5F3BB90CC74 /* Pods_Todo_List.framework in Frameworks */ = {isa = PBXBuildFile; fileRef = 7C40DF65C26F521B7CC7903A /* Pods_Todo_List.framework */; };
/* End PBXBuildFile section */

/* Begin PBXFileReference section */
		1F9DD0121085CC18C558B7D0 /* Pods-Todo-List.debug.xcconfig */ = {isa = PBXFileReference; includeInIndex = 1; lastKnownFileType = text.xcconfig; name = "Pods-Todo-List.debug.xcconfig"; path = "Target Support Files/Pods-Todo-List/Pods-Todo-List.debug.xcconfig"; sourceTree = "<group>"; };
		2B23FDC9263A9EB400C90BDE /* Todo-List.app */ = {isa = PBXFileReference; explicitFileType = wrapper.application; includeInIndex = 0; path = "Todo-List.app"; sourceTree = BUILT_PRODUCTS_DIR; };
		2B23FDCC263A9EB400C90BDE /* AppDelegate.swift */ = {isa = PBXFileReference; lastKnownFileType = sourcecode.swift; path = AppDelegate.swift; sourceTree = "<group>"; };
		2B23FDCE263A9EB400C90BDE /* SceneDelegate.swift */ = {isa = PBXFileReference; lastKnownFileType = sourcecode.swift; path = SceneDelegate.swift; sourceTree = "<group>"; };
		2B23FDD3263A9EB400C90BDE /* Base */ = {isa = PBXFileReference; lastKnownFileType = file.storyboard; name = Base; path = Base.lproj/Main.storyboard; sourceTree = "<group>"; };
		2B23FDD5263A9EB400C90BDE /* Assets.xcassets */ = {isa = PBXFileReference; lastKnownFileType = folder.assetcatalog; path = Assets.xcassets; sourceTree = "<group>"; };
		2B23FDD8263A9EB400C90BDE /* Base */ = {isa = PBXFileReference; lastKnownFileType = file.storyboard; name = Base; path = Base.lproj/LaunchScreen.storyboard; sourceTree = "<group>"; };
		2B23FDDA263A9EB400C90BDE /* Info.plist */ = {isa = PBXFileReference; lastKnownFileType = text.plist.xml; path = Info.plist; sourceTree = "<group>"; };
		2B23FDE2263A9EF200C90BDE /* CategoryViewController.swift */ = {isa = PBXFileReference; lastKnownFileType = sourcecode.swift; path = CategoryViewController.swift; sourceTree = "<group>"; };
		2B23FDE5263A9F0500C90BDE /* ItemViewController.swift */ = {isa = PBXFileReference; lastKnownFileType = sourcecode.swift; path = ItemViewController.swift; sourceTree = "<group>"; };
		2B23FDEC263A9F3500C90BDE /* Category.swift */ = {isa = PBXFileReference; lastKnownFileType = sourcecode.swift; path = Category.swift; sourceTree = "<group>"; };
		2B23FDF0263A9F3C00C90BDE /* Item.swift */ = {isa = PBXFileReference; lastKnownFileType = sourcecode.swift; path = Item.swift; sourceTree = "<group>"; };
		2B23FE02263AC95500C90BDE /* SwipeViewController.swift */ = {isa = PBXFileReference; lastKnownFileType = sourcecode.swift; path = SwipeViewController.swift; sourceTree = "<group>"; };
		7C40DF65C26F521B7CC7903A /* Pods_Todo_List.framework */ = {isa = PBXFileReference; explicitFileType = wrapper.framework; includeInIndex = 0; path = Pods_Todo_List.framework; sourceTree = BUILT_PRODUCTS_DIR; };
		7E2F746949349DC52E9D812C /* Pods-Todo-List.release.xcconfig */ = {isa = PBXFileReference; includeInIndex = 1; lastKnownFileType = text.xcconfig; name = "Pods-Todo-List.release.xcconfig"; path = "Target Support Files/Pods-Todo-List/Pods-Todo-List.release.xcconfig"; sourceTree = "<group>"; };
/* End PBXFileReference section */

/* Begin PBXFrameworksBuildPhase section */
		2B23FDC6263A9EB400C90BDE /* Frameworks */ = {
			isa = PBXFrameworksBuildPhase;
			buildActionMask = 2147483647;
			files = (
				D4A8E71305A4C5F3BB90CC74 /* Pods_Todo_List.framework in Frameworks */,
			);
			runOnlyForDeploymentPostprocessing = 0;
		};
/* End PBXFrameworksBuildPhase section */

/* Begin PBXGroup section */
		2B23FDC0263A9EB400C90BDE = {
			isa = PBXGroup;
			children = (
				2B23FDCB263A9EB400C90BDE /* Todo-List */,
				2B23FDCA263A9EB400C90BDE /* Products */,
				9D960964294B245EEE772EAD /* Pods */,
				A59014011A72164D0815CB30 /* Frameworks */,
			);
			sourceTree = "<group>";
		};
		2B23FDCA263A9EB400C90BDE /* Products */ = {
			isa = PBXGroup;
			children = (
				2B23FDC9263A9EB400C90BDE /* Todo-List.app */,
			);
			name = Products;
			sourceTree = "<group>";
		};
		2B23FDCB263A9EB400C90BDE /* Todo-List */ = {
			isa = PBXGroup;
			children = (
				2B23FDCC263A9EB400C90BDE /* AppDelegate.swift */,
				2B23FDCE263A9EB400C90BDE /* SceneDelegate.swift */,
				2B23FDD5263A9EB400C90BDE /* Assets.xcassets */,
				2B23FDD7263A9EB400C90BDE /* LaunchScreen.storyboard */,
				2B23FDDA263A9EB400C90BDE /* Info.plist */,
				2B23FDEB263A9F2800C90BDE /* Model */,
				2B23FDEA263A9F1400C90BDE /* View */,
				2B23FDE8263A9F0900C90BDE /* Controllers */,
			);
			path = "Todo-List";
			sourceTree = "<group>";
		};
		2B23FDE8263A9F0900C90BDE /* Controllers */ = {
			isa = PBXGroup;
			children = (
				2B23FDE2263A9EF200C90BDE /* CategoryViewController.swift */,
				2B23FDE5263A9F0500C90BDE /* ItemViewController.swift */,
				2B23FE02263AC95500C90BDE /* SwipeViewController.swift */,
			);
			path = Controllers;
			sourceTree = "<group>";
		};
		2B23FDEA263A9F1400C90BDE /* View */ = {
			isa = PBXGroup;
			children = (
				2B23FDD2263A9EB400C90BDE /* Main.storyboard */,
			);
			path = View;
			sourceTree = "<group>";
		};
		2B23FDEB263A9F2800C90BDE /* Model */ = {
			isa = PBXGroup;
			children = (
				2B23FDEC263A9F3500C90BDE /* Category.swift */,
				2B23FDF0263A9F3C00C90BDE /* Item.swift */,
			);
			path = Model;
			sourceTree = "<group>";
		};
		9D960964294B245EEE772EAD /* Pods */ = {
			isa = PBXGroup;
			children = (
				1F9DD0121085CC18C558B7D0 /* Pods-Todo-List.debug.xcconfig */,
				7E2F746949349DC52E9D812C /* Pods-Todo-List.release.xcconfig */,
			);
			path = Pods;
			sourceTree = "<group>";
		};
		A59014011A72164D0815CB30 /* Frameworks */ = {
			isa = PBXGroup;
			children = (
				7C40DF65C26F521B7CC7903A /* Pods_Todo_List.framework */,
			);
			name = Frameworks;
			sourceTree = "<group>";
		};
/* End PBXGroup section */

/* Begin PBXNativeTarget section */
		2B23FDC8263A9EB400C90BDE /* Todo-List */ = {
			isa = PBXNativeTarget;
			buildConfigurationList = 2B23FDDD263A9EB400C90BDE /* Build configuration list for PBXNativeTarget "Todo-List" */;
			buildPhases = (
				DF40D3ADD7FD17D7F4E042E4 /* [CP] Check Pods Manifest.lock */,
				2B23FDC5263A9EB400C90BDE /* Sources */,
				2B23FDC6263A9EB400C90BDE /* Frameworks */,
				2B23FDC7263A9EB400C90BDE /* Resources */,
				7D274C99030EAB2D867FEE56 /* [CP] Embed Pods Frameworks */,
			);
			buildRules = (
			);
			dependencies = (
			);
			name = "Todo-List";
			productName = "Todo-List";
			productReference = 2B23FDC9263A9EB400C90BDE /* Todo-List.app */;
			productType = "com.apple.product-type.application";
		};
/* End PBXNativeTarget section */

/* Begin PBXProject section */
		2B23FDC1263A9EB400C90BDE /* Project object */ = {
			isa = PBXProject;
			attributes = {
				LastSwiftUpdateCheck = 1240;
				LastUpgradeCheck = 1240;
				TargetAttributes = {
					2B23FDC8263A9EB400C90BDE = {
						CreatedOnToolsVersion = 12.4;
					};
				};
			};
			buildConfigurationList = 2B23FDC4263A9EB400C90BDE /* Build configuration list for PBXProject "Todo-List" */;
			compatibilityVersion = "Xcode 9.3";
			developmentRegion = en;
			hasScannedForEncodings = 0;
			knownRegions = (
				en,
				Base,
			);
			mainGroup = 2B23FDC0263A9EB400C90BDE;
			productRefGroup = 2B23FDCA263A9EB400C90BDE /* Products */;
			projectDirPath = "";
			projectRoot = "";
			targets = (
				2B23FDC8263A9EB400C90BDE /* Todo-List */,
			);
		};
/* End PBXProject section */

/* Begin PBXResourcesBuildPhase section */
		2B23FDC7263A9EB400C90BDE /* Resources */ = {
			isa = PBXResourcesBuildPhase;
			buildActionMask = 2147483647;
			files = (
				2B23FDD9263A9EB400C90BDE /* LaunchScreen.storyboard in Resources */,
				2B23FDD6263A9EB400C90BDE /* Assets.xcassets in Resources */,
				2B23FDD4263A9EB400C90BDE /* Main.storyboard in Resources */,
			);
			runOnlyForDeploymentPostprocessing = 0;
		};
/* End PBXResourcesBuildPhase section */

/* Begin PBXShellScriptBuildPhase section */
		7D274C99030EAB2D867FEE56 /* [CP] Embed Pods Frameworks */ = {
			isa = PBXShellScriptBuildPhase;
			buildActionMask = 2147483647;
			files = (
			);
			inputFileListPaths = (
				"${PODS_ROOT}/Target Support Files/Pods-Todo-List/Pods-Todo-List-frameworks-${CONFIGURATION}-input-files.xcfilelist",
			);
			name = "[CP] Embed Pods Frameworks";
			outputFileListPaths = (
				"${PODS_ROOT}/Target Support Files/Pods-Todo-List/Pods-Todo-List-frameworks-${CONFIGURATION}-output-files.xcfilelist",
			);
			runOnlyForDeploymentPostprocessing = 0;
			shellPath = /bin/sh;
			shellScript = "\"${PODS_ROOT}/Target Support Files/Pods-Todo-List/Pods-Todo-List-frameworks.sh\"\n";
			showEnvVarsInLog = 0;
		};
		DF40D3ADD7FD17D7F4E042E4 /* [CP] Check Pods Manifest.lock */ = {
			isa = PBXShellScriptBuildPhase;
			buildActionMask = 2147483647;
			files = (
			);
			inputFileListPaths = (
			);
			inputPaths = (
				"${PODS_PODFILE_DIR_PATH}/Podfile.lock",
				"${PODS_ROOT}/Manifest.lock",
			);
			name = "[CP] Check Pods Manifest.lock";
			outputFileListPaths = (
			);
			outputPaths = (
				"$(DERIVED_FILE_DIR)/Pods-Todo-List-checkManifestLockResult.txt",
			);
			runOnlyForDeploymentPostprocessing = 0;
			shellPath = /bin/sh;
			shellScript = "diff \"${PODS_PODFILE_DIR_PATH}/Podfile.lock\" \"${PODS_ROOT}/Manifest.lock\" > /dev/null\nif [ $? != 0 ] ; then\n    # print error to STDERR\n    echo \"error: The sandbox is not in sync with the Podfile.lock. Run 'pod install' or update your CocoaPods installation.\" >&2\n    exit 1\nfi\n# This output is used by Xcode 'outputs' to avoid re-running this script phase.\necho \"SUCCESS\" > \"${SCRIPT_OUTPUT_FILE_0}\"\n";
			showEnvVarsInLog = 0;
		};
/* End PBXShellScriptBuildPhase section */

/* Begin PBXSourcesBuildPhase section */
		2B23FDC5263A9EB400C90BDE /* Sources */ = {
			isa = PBXSourcesBuildPhase;
			buildActionMask = 2147483647;
			files = (
				2B23FDCD263A9EB400C90BDE /* AppDelegate.swift in Sources */,
				2B23FDED263A9F3500C90BDE /* Category.swift in Sources */,
				2B23FDE6263A9F0500C90BDE /* ItemViewController.swift in Sources */,
				2B23FDE3263A9EF200C90BDE /* CategoryViewController.swift in Sources */,
				2B23FDF1263A9F3C00C90BDE /* Item.swift in Sources */,
				2B23FE03263AC95500C90BDE /* SwipeViewController.swift in Sources */,
				2B23FDCF263A9EB400C90BDE /* SceneDelegate.swift in Sources */,
			);
			runOnlyForDeploymentPostprocessing = 0;
		};
/* End PBXSourcesBuildPhase section */

/* Begin PBXVariantGroup section */
		2B23FDD2263A9EB400C90BDE /* Main.storyboard */ = {
			isa = PBXVariantGroup;
			children = (
				2B23FDD3263A9EB400C90BDE /* Base */,
			);
			name = Main.storyboard;
			sourceTree = "<group>";
		};
		2B23FDD7263A9EB400C90BDE /* LaunchScreen.storyboard */ = {
			isa = PBXVariantGroup;
			children = (
				2B23FDD8263A9EB400C90BDE /* Base */,
			);
			name = LaunchScreen.storyboard;
			sourceTree = "<group>";
		};
/* End PBXVariantGroup section */

/* Begin XCBuildConfiguration section */
		2B23FDDB263A9EB400C90BDE /* Debug */ = {
			isa = XCBuildConfiguration;
			buildSettings = {
				ALWAYS_SEARCH_USER_PATHS = NO;
				CLANG_ANALYZER_NONNULL = YES;
				CLANG_ANALYZER_NUMBER_OBJECT_CONVERSION = YES_AGGRESSIVE;
				CLANG_CXX_LANGUAGE_STANDARD = "gnu++14";
				CLANG_CXX_LIBRARY = "libc++";
				CLANG_ENABLE_MODULES = YES;
				CLANG_ENABLE_OBJC_ARC = YES;
				CLANG_ENABLE_OBJC_WEAK = YES;
				CLANG_WARN_BLOCK_CAPTURE_AUTORELEASING = YES;
				CLANG_WARN_BOOL_CONVERSION = YES;
				CLANG_WARN_COMMA = YES;
				CLANG_WARN_CONSTANT_CONVERSION = YES;
				CLANG_WARN_DEPRECATED_OBJC_IMPLEMENTATIONS = YES;
				CLANG_WARN_DIRECT_OBJC_ISA_USAGE = YES_ERROR;
				CLANG_WARN_DOCUMENTATION_COMMENTS = YES;
				CLANG_WARN_EMPTY_BODY = YES;
				CLANG_WARN_ENUM_CONVERSION = YES;
				CLANG_WARN_INFINITE_RECURSION = YES;
				CLANG_WARN_INT_CONVERSION = YES;
				CLANG_WARN_NON_LITERAL_NULL_CONVERSION = YES;
				CLANG_WARN_OBJC_IMPLICIT_RETAIN_SELF = YES;
				CLANG_WARN_OBJC_LITERAL_CONVERSION = YES;
				CLANG_WARN_OBJC_ROOT_CLASS = YES_ERROR;
				CLANG_WARN_QUOTED_INCLUDE_IN_FRAMEWORK_HEADER = YES;
				CLANG_WARN_RANGE_LOOP_ANALYSIS = YES;
				CLANG_WARN_STRICT_PROTOTYPES = YES;
				CLANG_WARN_SUSPICIOUS_MOVE = YES;
				CLANG_WARN_UNGUARDED_AVAILABILITY = YES_AGGRESSIVE;
				CLANG_WARN_UNREACHABLE_CODE = YES;
				CLANG_WARN__DUPLICATE_METHOD_MATCH = YES;
				COPY_PHASE_STRIP = NO;
				DEBUG_INFORMATION_FORMAT = dwarf;
				ENABLE_STRICT_OBJC_MSGSEND = YES;
				ENABLE_TESTABILITY = YES;
				GCC_C_LANGUAGE_STANDARD = gnu11;
				GCC_DYNAMIC_NO_PIC = NO;
				GCC_NO_COMMON_BLOCKS = YES;
				GCC_OPTIMIZATION_LEVEL = 0;
				GCC_PREPROCESSOR_DEFINITIONS = (
					"DEBUG=1",
					"$(inherited)",
				);
				GCC_WARN_64_TO_32_BIT_CONVERSION = YES;
				GCC_WARN_ABOUT_RETURN_TYPE = YES_ERROR;
				GCC_WARN_UNDECLARED_SELECTOR = YES;
				GCC_WARN_UNINITIALIZED_AUTOS = YES_AGGRESSIVE;
				GCC_WARN_UNUSED_FUNCTION = YES;
				GCC_WARN_UNUSED_VARIABLE = YES;
				IPHONEOS_DEPLOYMENT_TARGET = 14.4;
				MTL_ENABLE_DEBUG_INFO = INCLUDE_SOURCE;
				MTL_FAST_MATH = YES;
				ONLY_ACTIVE_ARCH = YES;
				SDKROOT = iphoneos;
				SWIFT_ACTIVE_COMPILATION_CONDITIONS = DEBUG;
				SWIFT_OPTIMIZATION_LEVEL = "-Onone";
			};
			name = Debug;
		};
		2B23FDDC263A9EB400C90BDE /* Release */ = {
			isa = XCBuildConfiguration;
			buildSettings = {
				ALWAYS_SEARCH_USER_PATHS = NO;
				CLANG_ANALYZER_NONNULL = YES;
				CLANG_ANALYZER_NUMBER_OBJECT_CONVERSION = YES_AGGRESSIVE;
				CLANG_CXX_LANGUAGE_STANDARD = "gnu++14";
				CLANG_CXX_LIBRARY = "libc++";
				CLANG_ENABLE_MODULES = YES;
				CLANG_ENABLE_OBJC_ARC = YES;
				CLANG_ENABLE_OBJC_WEAK = YES;
				CLANG_WARN_BLOCK_CAPTURE_AUTORELEASING = YES;
				CLANG_WARN_BOOL_CONVERSION = YES;
				CLANG_WARN_COMMA = YES;
				CLANG_WARN_CONSTANT_CONVERSION = YES;
				CLANG_WARN_DEPRECATED_OBJC_IMPLEMENTATIONS = YES;
				CLANG_WARN_DIRECT_OBJC_ISA_USAGE = YES_ERROR;
				CLANG_WARN_DOCUMENTATION_COMMENTS = YES;
				CLANG_WARN_EMPTY_BODY = YES;
				CLANG_WARN_ENUM_CONVERSION = YES;
				CLANG_WARN_INFINITE_RECURSION = YES;
				CLANG_WARN_INT_CONVERSION = YES;
				CLANG_WARN_NON_LITERAL_NULL_CONVERSION = YES;
				CLANG_WARN_OBJC_IMPLICIT_RETAIN_SELF = YES;
				CLANG_WARN_OBJC_LITERAL_CONVERSION = YES;
				CLANG_WARN_OBJC_ROOT_CLASS = YES_ERROR;
				CLANG_WARN_QUOTED_INCLUDE_IN_FRAMEWORK_HEADER = YES;
				CLANG_WARN_RANGE_LOOP_ANALYSIS = YES;
				CLANG_WARN_STRICT_PROTOTYPES = YES;
				CLANG_WARN_SUSPICIOUS_MOVE = YES;
				CLANG_WARN_UNGUARDED_AVAILABILITY = YES_AGGRESSIVE;
				CLANG_WARN_UNREACHABLE_CODE = YES;
				CLANG_WARN__DUPLICATE_METHOD_MATCH = YES;
				COPY_PHASE_STRIP = NO;
				DEBUG_INFORMATION_FORMAT = "dwarf-with-dsym";
				ENABLE_NS_ASSERTIONS = NO;
				ENABLE_STRICT_OBJC_MSGSEND = YES;
				GCC_C_LANGUAGE_STANDARD = gnu11;
				GCC_NO_COMMON_BLOCKS = YES;
				GCC_WARN_64_TO_32_BIT_CONVERSION = YES;
				GCC_WARN_ABOUT_RETURN_TYPE = YES_ERROR;
				GCC_WARN_UNDECLARED_SELECTOR = YES;
				GCC_WARN_UNINITIALIZED_AUTOS = YES_AGGRESSIVE;
				GCC_WARN_UNUSED_FUNCTION = YES;
				GCC_WARN_UNUSED_VARIABLE = YES;
				IPHONEOS_DEPLOYMENT_TARGET = 14.4;
				MTL_ENABLE_DEBUG_INFO = NO;
				MTL_FAST_MATH = YES;
				SDKROOT = iphoneos;
				SWIFT_COMPILATION_MODE = wholemodule;
				SWIFT_OPTIMIZATION_LEVEL = "-O";
				VALIDATE_PRODUCT = YES;
			};
			name = Release;
		};
		2B23FDDE263A9EB400C90BDE /* Debug */ = {
			isa = XCBuildConfiguration;
			baseConfigurationReference = 1F9DD0121085CC18C558B7D0 /* Pods-Todo-List.debug.xcconfig */;
			buildSettings = {
				ASSETCATALOG_COMPILER_APPICON_NAME = AppIcon;
				ASSETCATALOG_COMPILER_GLOBAL_ACCENT_COLOR_NAME = AccentColor;
				CODE_SIGN_STYLE = Automatic;
				DEVELOPMENT_TEAM = L43HJN36UM;
				INFOPLIST_FILE = "Todo-List/Info.plist";
				LD_RUNPATH_SEARCH_PATHS = (
					"$(inherited)",
					"@executable_path/Frameworks",
				);
				PRODUCT_BUNDLE_IDENTIFIER = "com.youngjun.Todo-List";
				PRODUCT_NAME = "$(TARGET_NAME)";
				SWIFT_VERSION = 5.0;
				TARGETED_DEVICE_FAMILY = "1,2";
			};
			name = Debug;
		};
		2B23FDDF263A9EB400C90BDE /* Release */ = {
			isa = XCBuildConfiguration;
			baseConfigurationReference = 7E2F746949349DC52E9D812C /* Pods-Todo-List.release.xcconfig */;
			buildSettings = {
				ASSETCATALOG_COMPILER_APPICON_NAME = AppIcon;
				ASSETCATALOG_COMPILER_GLOBAL_ACCENT_COLOR_NAME = AccentColor;
				CODE_SIGN_STYLE = Automatic;
				DEVELOPMENT_TEAM = L43HJN36UM;
				INFOPLIST_FILE = "Todo-List/Info.plist";
				LD_RUNPATH_SEARCH_PATHS = (
					"$(inherited)",
					"@executable_path/Frameworks",
				);
				PRODUCT_BUNDLE_IDENTIFIER = "com.youngjun.Todo-List";
				PRODUCT_NAME = "$(TARGET_NAME)";
				SWIFT_VERSION = 5.0;
				TARGETED_DEVICE_FAMILY = "1,2";
			};
			name = Release;
		};
/* End XCBuildConfiguration section */

/* Begin XCConfigurationList section */
		2B23FDC4263A9EB400C90BDE /* Build configuration list for PBXProject "Todo-List" */ = {
			isa = XCConfigurationList;
			buildConfigurations = (
				2B23FDDB263A9EB400C90BDE /* Debug */,
				2B23FDDC263A9EB400C90BDE /* Release */,
			);
			defaultConfigurationIsVisible = 0;
			defaultConfigurationName = Release;
		};
		2B23FDDD263A9EB400C90BDE /* Build configuration list for PBXNativeTarget "Todo-List" */ = {
			isa = XCConfigurationList;
			buildConfigurations = (
				2B23FDDE263A9EB400C90BDE /* Debug */,
				2B23FDDF263A9EB400C90BDE /* Release */,
			);
			defaultConfigurationIsVisible = 0;
			defaultConfigurationName = Release;
		};
/* End XCConfigurationList section */
	};
	rootObject = 2B23FDC1263A9EB400C90BDE /* Project object */;
}
